<Solution>
  <Project Path="Morph/Morph.csproj" />
  <Project Path="Morph.Skia/Morph.Skia.csproj" />
  <Project Path="Morph.ImageSharp/Morph.ImageSharp.csproj" />
  <Project Path="Morph.Pdf/Morph.Pdf.csproj" />
  <Folder Name="/SolutionItems/">
    <File Path="../.editorconfig" />
    <File Path="../.gitattributes" />
    <File Path="../docs/word-features.md" />
    <File Path="../README.md" />
    <File Path="Directory.Build.props" />
    <File Path="Directory.Packages.props" />
    <File Path="mdsnippets.json" />
    <File Path="missingTags.md" />
  </Folder>
  <Project Path="RenderHelper/RenderHelper.csproj">
    <Build Solution="Release|*" Project="false" />
  </Project>
  <Project Path="Tests/Tests.csproj" />
  <Project Path="StaticSettingTests/StaticSettingTests.csproj" />
  <Project Path="Benchmarks/Benchmarks.csproj" />
</Solution>
